// !$*UTF8*$!
{
	archiveVersion = 1;
	classes = {
	};
	objectVersion = 56;
	objects = {

/* Begin PBXBuildFile section */
		CA94F4FD297B649800388A90 /* README.md in Resources */ = {isa = PBXBuildFile; fileRef = CA94F4FC297B649800388A90 /* README.md */; };
		CAEA2BEC297B4EAC003AB2C3 /* sparkletestApp.swift in Sources */ = {isa = PBXBuildFile; fileRef = CAEA2BEB297B4EAC003AB2C3 /* sparkletestApp.swift */; };
		CAEA2BEE297B4EAC003AB2C3 /* ContentView.swift in Sources */ = {isa = PBXBuildFile; fileRef = CAEA2BED297B4EAC003AB2C3 /* ContentView.swift */; };
		CAEA2BF0297B4EAD003AB2C3 /* Assets.xcassets in Resources */ = {isa = PBXBuildFile; fileRef = CAEA2BEF297B4EAD003AB2C3 /* Assets.xcassets */; };
		CAEA2BF3297B4EAD003AB2C3 /* Preview Assets.xcassets in Resources */ = {isa = PBXBuildFile; fileRef = CAEA2BF2297B4EAD003AB2C3 /* Preview Assets.xcassets */; };
		CAEA2BFC297B5FA7003AB2C3 /* Sparkle in Frameworks */ = {isa = PBXBuildFile; productRef = CAEA2BFB297B5FA7003AB2C3 /* Sparkle */; };
		CAEA2BFE297B63BE003AB2C3 /* checkForUpdatesView.swift in Sources */ = {isa = PBXBuildFile; fileRef = CAEA2BFD297B63BE003AB2C3 /* checkForUpdatesView.swift */; };
		CAEA2C00297B63E7003AB2C3 /* updaterViewModel.swift in Sources */ = {isa = PBXBuildFile; fileRef = CAEA2BFF297B63E7003AB2C3 /* updaterViewModel.swift */; };
/* End PBXBuildFile section */

/* Begin PBXFileReference section */
		CA94F4FC297B649800388A90 /* README.md */ = {isa = PBXFileReference; fileEncoding = 4; lastKnownFileType = net.daringfireball.markdown; path = README.md; sourceTree = "<group>"; };
		CAEA2BE8297B4EAC003AB2C3 /* sparkletest.app */ = {isa = PBXFileReference; explicitFileType = wrapper.application; includeInIndex = 0; path = sparkletest.app; sourceTree = BUILT_PRODUCTS_DIR; };
		CAEA2BEB297B4EAC003AB2C3 /* sparkletestApp.swift */ = {isa = PBXFileReference; lastKnownFileType = sourcecode.swift; path = sparkletestApp.swift; sourceTree = "<group>"; };
		CAEA2BED297B4EAC003AB2C3 /* ContentView.swift */ = {isa = PBXFileReference; lastKnownFileType = sourcecode.swift; path = ContentView.swift; sourceTree = "<group>"; };
		CAEA2BEF297B4EAD003AB2C3 /* Assets.xcassets */ = {isa = PBXFileReference; lastKnownFileType = folder.assetcatalog; path = Assets.xcassets; sourceTree = "<group>"; };
		CAEA2BF2297B4EAD003AB2C3 /* Preview Assets.xcassets */ = {isa = PBXFileReference; lastKnownFileType = folder.assetcatalog; path = "Preview Assets.xcassets"; sourceTree = "<group>"; };
		CAEA2BF4297B4EAD003AB2C3 /* sparkletest.entitlements */ = {isa = PBXFileReference; lastKnownFileType = text.plist.entitlements; path = sparkletest.entitlements; sourceTree = "<group>"; };
		CAEA2BFD297B63BE003AB2C3 /* checkForUpdatesView.swift */ = {isa = PBXFileReference; lastKnownFileType = sourcecode.swift; path = checkForUpdatesView.swift; sourceTree = "<group>"; };
		CAEA2BFF297B63E7003AB2C3 /* updaterViewModel.swift */ = {isa = PBXFileReference; lastKnownFileType = sourcecode.swift; path = updaterViewModel.swift; sourceTree = "<group>"; };
		CAEF9D93297B675800CB7E40 /* Info.plist */ = {isa = PBXFileReference; lastKnownFileType = text.plist; path = Info.plist; sourceTree = "<group>"; };
/* End PBXFileReference section */

/* Begin PBXFrameworksBuildPhase section */
		CAEA2BE5297B4EAC003AB2C3 /* Frameworks */ = {
			isa = PBXFrameworksBuildPhase;
			buildActionMask = 2147483647;
			files = (
				CAEA2BFC297B5FA7003AB2C3 /* Sparkle in Frameworks */,
			);
			runOnlyForDeploymentPostprocessing = 0;
		};
/* End PBXFrameworksBuildPhase section */

/* Begin PBXGroup section */
		CAEA2BDF297B4EAC003AB2C3 = {
			isa = PBXGroup;
			children = (
				CA94F4FC297B649800388A90 /* README.md */,
				CAEA2BEA297B4EAC003AB2C3 /* sparkletest */,
				CAEA2BE9297B4EAC003AB2C3 /* Products */,
			);
			sourceTree = "<group>";
		};
		CAEA2BE9297B4EAC003AB2C3 /* Products */ = {
			isa = PBXGroup;
			children = (
				CAEA2BE8297B4EAC003AB2C3 /* sparkletest.app */,
			);
			name = Products;
			sourceTree = "<group>";
		};
		CAEA2BEA297B4EAC003AB2C3 /* sparkletest */ = {
			isa = PBXGroup;
			children = (
				CAEF9D93297B675800CB7E40 /* Info.plist */,
				CAEA2BFD297B63BE003AB2C3 /* checkForUpdatesView.swift */,
				CAEA2BFF297B63E7003AB2C3 /* updaterViewModel.swift */,
				CAEA2BEB297B4EAC003AB2C3 /* sparkletestApp.swift */,
				CAEA2BED297B4EAC003AB2C3 /* ContentView.swift */,
				CAEA2BEF297B4EAD003AB2C3 /* Assets.xcassets */,
				CAEA2BF4297B4EAD003AB2C3 /* sparkletest.entitlements */,
				CAEA2BF1297B4EAD003AB2C3 /* Preview Content */,
			);
			path = sparkletest;
			sourceTree = "<group>";
		};
		CAEA2BF1297B4EAD003AB2C3 /* Preview Content */ = {
			isa = PBXGroup;
			children = (
				CAEA2BF2297B4EAD003AB2C3 /* Preview Assets.xcassets */,
			);
			path = "Preview Content";
			sourceTree = "<group>";
		};
/* End PBXGroup section */

/* Begin PBXNativeTarget section */
		CAEA2BE7297B4EAC003AB2C3 /* sparkletest */ = {
			isa = PBXNativeTarget;
			buildConfigurationList = CAEA2BF7297B4EAD003AB2C3 /* Build configuration list for PBXNativeTarget "sparkletest" */;
			buildPhases = (
				CAEA2BE4297B4EAC003AB2C3 /* Sources */,
				CAEA2BE5297B4EAC003AB2C3 /* Frameworks */,
				CAEA2BE6297B4EAC003AB2C3 /* Resources */,
			);
			buildRules = (
			);
			dependencies = (
			);
			name = sparkletest;
			packageProductDependencies = (
				CAEA2BFB297B5FA7003AB2C3 /* Sparkle */,
			);
			productName = sparkletest;
			productReference = CAEA2BE8297B4EAC003AB2C3 /* sparkletest.app */;
			productType = "com.apple.product-type.application";
		};
/* End PBXNativeTarget section */

/* Begin PBXProject section */
		CAEA2BE0297B4EAC003AB2C3 /* Project object */ = {
			isa = PBXProject;
			attributes = {
				BuildIndependentTargetsInParallel = 1;
				LastSwiftUpdateCheck = 1410;
				LastUpgradeCheck = 1410;
				TargetAttributes = {
					CAEA2BE7297B4EAC003AB2C3 = {
						CreatedOnToolsVersion = 14.1;
					};
				};
			};
			buildConfigurationList = CAEA2BE3297B4EAC003AB2C3 /* Build configuration list for PBXProject "sparkletest" */;
			compatibilityVersion = "Xcode 14.0";
			developmentRegion = en;
			hasScannedForEncodings = 0;
			knownRegions = (
				en,
				Base,
			);
			mainGroup = CAEA2BDF297B4EAC003AB2C3;
			packageReferences = (
				CAEA2BFA297B5FA7003AB2C3 /* XCRemoteSwiftPackageReference "Sparkle" */,
			);
			productRefGroup = CAEA2BE9297B4EAC003AB2C3 /* Products */;
			projectDirPath = "";
			projectRoot = "";
			targets = (
				CAEA2BE7297B4EAC003AB2C3 /* sparkletest */,
			);
		};
/* End PBXProject section */

/* Begin PBXResourcesBuildPhase section */
		CAEA2BE6297B4EAC003AB2C3 /* Resources */ = {
			isa = PBXResourcesBuildPhase;
			buildActionMask = 2147483647;
			files = (
				CA94F4FD297B649800388A90 /* README.md in Resources */,
				CAEA2BF3297B4EAD003AB2C3 /* Preview Assets.xcassets in Resources */,
				CAEA2BF0297B4EAD003AB2C3 /* Assets.xcassets in Resources */,
			);
			runOnlyForDeploymentPostprocessing = 0;
		};
/* End PBXResourcesBuildPhase section */

/* Begin PBXSourcesBuildPhase section */
		CAEA2BE4297B4EAC003AB2C3 /* Sources */ = {
			isa = PBXSourcesBuildPhase;
			buildActionMask = 2147483647;
			files = (
				CAEA2BEE297B4EAC003AB2C3 /* ContentView.swift in Sources */,
				CAEA2BFE297B63BE003AB2C3 /* checkForUpdatesView.swift in Sources */,
				CAEA2C00297B63E7003AB2C3 /* updaterViewModel.swift in Sources */,
				CAEA2BEC297B4EAC003AB2C3 /* sparkletestApp.swift in Sources */,
			);
			runOnlyForDeploymentPostprocessing = 0;
		};
/* End PBXSourcesBuildPhase section */

/* Begin XCBuildConfiguration section */
		CAEA2BF5297B4EAD003AB2C3 /* Debug */ = {
			isa = XCBuildConfiguration;
			buildSettings = {
				ALWAYS_SEARCH_USER_PATHS = NO;
				CLANG_ANALYZER_NONNULL = YES;
				CLANG_ANALYZER_NUMBER_OBJECT_CONVERSION = YES_AGGRESSIVE;
				CLANG_CXX_LANGUAGE_STANDARD = "gnu++20";
				CLANG_ENABLE_MODULES = YES;
				CLANG_ENABLE_OBJC_ARC = YES;
				CLANG_ENABLE_OBJC_WEAK = YES;
				CLANG_WARN_BLOCK_CAPTURE_AUTORELEASING = YES;
				CLANG_WARN_BOOL_CONVERSION = YES;
				CLANG_WARN_COMMA = YES;
				CLANG_WARN_CONSTANT_CONVERSION = YES;
				CLANG_WARN_DEPRECATED_OBJC_IMPLEMENTATIONS = YES;
				CLANG_WARN_DIRECT_OBJC_ISA_USAGE = YES_ERROR;
				CLANG_WARN_DOCUMENTATION_COMMENTS = YES;
				CLANG_WARN_EMPTY_BODY = YES;
				CLANG_WARN_ENUM_CONVERSION = YES;
				CLANG_WARN_INFINITE_RECURSION = YES;
				CLANG_WARN_INT_CONVERSION = YES;
				CLANG_WARN_NON_LITERAL_NULL_CONVERSION = YES;
				CLANG_WARN_OBJC_IMPLICIT_RETAIN_SELF = YES;
				CLANG_WARN_OBJC_LITERAL_CONVERSION = YES;
				CLANG_WARN_OBJC_ROOT_CLASS = YES_ERROR;
				CLANG_WARN_QUOTED_INCLUDE_IN_FRAMEWORK_HEADER = YES;
				CLANG_WARN_RANGE_LOOP_ANALYSIS = YES;
				CLANG_WARN_STRICT_PROTOTYPES = YES;
				CLANG_WARN_SUSPICIOUS_MOVE = YES;
				CLANG_WARN_UNGUARDED_AVAILABILITY = YES_AGGRESSIVE;
				CLANG_WARN_UNREACHABLE_CODE = YES;
				CLANG_WARN__DUPLICATE_METHOD_MATCH = YES;
				COPY_PHASE_STRIP = NO;
				DEBUG_INFORMATION_FORMAT = dwarf;
				ENABLE_STRICT_OBJC_MSGSEND = YES;
				ENABLE_TESTABILITY = YES;
				GCC_C_LANGUAGE_STANDARD = gnu11;
				GCC_DYNAMIC_NO_PIC = NO;
				GCC_NO_COMMON_BLOCKS = YES;
				GCC_OPTIMIZATION_LEVEL = 0;
				GCC_PREPROCESSOR_DEFINITIONS = (
					"DEBUG=1",
					"$(inherited)",
				);
				GCC_WARN_64_TO_32_BIT_CONVERSION = YES;
				GCC_WARN_ABOUT_RETURN_TYPE = YES_ERROR;
				GCC_WARN_UNDECLARED_SELECTOR = YES;
				GCC_WARN_UNINITIALIZED_AUTOS = YES_AGGRESSIVE;
				GCC_WARN_UNUSED_FUNCTION = YES;
				GCC_WARN_UNUSED_VARIABLE = YES;
				MACOSX_DEPLOYMENT_TARGET = 13.0;
				MTL_ENABLE_DEBUG_INFO = INCLUDE_SOURCE;
				MTL_FAST_MATH = YES;
				ONLY_ACTIVE_ARCH = YES;
				SDKROOT = macosx;
				SWIFT_ACTIVE_COMPILATION_CONDITIONS = DEBUG;
				SWIFT_OPTIMIZATION_LEVEL = "-Onone";
			};
			name = Debug;
		};
		CAEA2BF6297B4EAD003AB2C3 /* Release */ = {
			isa = XCBuildConfiguration;
			buildSettings = {
				ALWAYS_SEARCH_USER_PATHS = NO;
				CLANG_ANALYZER_NONNULL = YES;
				CLANG_ANALYZER_NUMBER_OBJECT_CONVERSION = YES_AGGRESSIVE;
				CLANG_CXX_LANGUAGE_STANDARD = "gnu++20";
				CLANG_ENABLE_MODULES = YES;
				CLANG_ENABLE_OBJC_ARC = YES;
				CLANG_ENABLE_OBJC_WEAK = YES;
				CLANG_WARN_BLOCK_CAPTURE_AUTORELEASING = YES;
				CLANG_WARN_BOOL_CONVERSION = YES;
				CLANG_WARN_COMMA = YES;
				CLANG_WARN_CONSTANT_CONVERSION = YES;
				CLANG_WARN_DEPRECATED_OBJC_IMPLEMENTATIONS = YES;
				CLANG_WARN_DIRECT_OBJC_ISA_USAGE = YES_ERROR;
				CLANG_WARN_DOCUMENTATION_COMMENTS = YES;
				CLANG_WARN_EMPTY_BODY = YES;
				CLANG_WARN_ENUM_CONVERSION = YES;
				CLANG_WARN_INFINITE_RECURSION = YES;
				CLANG_WARN_INT_CONVERSION = YES;
				CLANG_WARN_NON_LITERAL_NULL_CONVERSION = YES;
				CLANG_WARN_OBJC_IMPLICIT_RETAIN_SELF = YES;
				CLANG_WARN_OBJC_LITERAL_CONVERSION = YES;
				CLANG_WARN_OBJC_ROOT_CLASS = YES_ERROR;
				CLANG_WARN_QUOTED_INCLUDE_IN_FRAMEWORK_HEADER = YES;
				CLANG_WARN_RANGE_LOOP_ANALYSIS = YES;
				CLANG_WARN_STRICT_PROTOTYPES = YES;
				CLANG_WARN_SUSPICIOUS_MOVE = YES;
				CLANG_WARN_UNGUARDED_AVAILABILITY = YES_AGGRESSIVE;
				CLANG_WARN_UNREACHABLE_CODE = YES;
				CLANG_WARN__DUPLICATE_METHOD_MATCH = YES;
				COPY_PHASE_STRIP = NO;
				DEBUG_INFORMATION_FORMAT = "dwarf-with-dsym";
				ENABLE_NS_ASSERTIONS = NO;
				ENABLE_STRICT_OBJC_MSGSEND = YES;
				GCC_C_LANGUAGE_STANDARD = gnu11;
				GCC_NO_COMMON_BLOCKS = YES;
				GCC_WARN_64_TO_32_BIT_CONVERSION = YES;
				GCC_WARN_ABOUT_RETURN_TYPE = YES_ERROR;
				GCC_WARN_UNDECLARED_SELECTOR = YES;
				GCC_WARN_UNINITIALIZED_AUTOS = YES_AGGRESSIVE;
				GCC_WARN_UNUSED_FUNCTION = YES;
				GCC_WARN_UNUSED_VARIABLE = YES;
				MACOSX_DEPLOYMENT_TARGET = 13.0;
				MTL_ENABLE_DEBUG_INFO = NO;
				MTL_FAST_MATH = YES;
				SDKROOT = macosx;
				SWIFT_COMPILATION_MODE = wholemodule;
				SWIFT_OPTIMIZATION_LEVEL = "-O";
			};
			name = Release;
		};
		CAEA2BF8297B4EAD003AB2C3 /* Debug */ = {
			isa = XCBuildConfiguration;
			buildSettings = {
				ASSETCATALOG_COMPILER_APPICON_NAME = AppIcon;
				ASSETCATALOG_COMPILER_GLOBAL_ACCENT_COLOR_NAME = AccentColor;
				CODE_SIGN_ENTITLEMENTS = sparkletest/sparkletest.entitlements;
				"CODE_SIGN_IDENTITY[sdk=macosx*]" = "Apple Development";
				CODE_SIGN_STYLE = Automatic;
				COMBINE_HIDPI_IMAGES = YES;
				CURRENT_PROJECT_VERSION = 1.0.3;
				DEVELOPMENT_ASSET_PATHS = "\"sparkletest/Preview Content\"";
				DEVELOPMENT_TEAM = 6L9QQBQLVU;
				ENABLE_HARDENED_RUNTIME = YES;
				ENABLE_PREVIEWS = YES;
				GENERATE_INFOPLIST_FILE = YES;
				INFOPLIST_FILE = sparkletest/Info.plist;
				INFOPLIST_KEY_NSHumanReadableCopyright = "";
				LD_RUNPATH_SEARCH_PATHS = (
					"$(inherited)",
					"@executable_path/../Frameworks",
				);
				MARKETING_VERSION = 1.0.3;
				PRODUCT_BUNDLE_IDENTIFIER = guru.sparkletest;
				PRODUCT_NAME = "$(TARGET_NAME)";
				SWIFT_EMIT_LOC_STRINGS = YES;
				SWIFT_VERSION = 5.0;
			};
			name = Debug;
		};
		CAEA2BF9297B4EAD003AB2C3 /* Release */ = {
			isa = XCBuildConfiguration;
			buildSettings = {
				ASSETCATALOG_COMPILER_APPICON_NAME = AppIcon;
				ASSETCATALOG_COMPILER_GLOBAL_ACCENT_COLOR_NAME = AccentColor;
				CODE_SIGN_ENTITLEMENTS = sparkletest/sparkletest.entitlements;
				"CODE_SIGN_IDENTITY[sdk=macosx*]" = "Apple Development";
				CODE_SIGN_STYLE = Automatic;
				COMBINE_HIDPI_IMAGES = YES;
				CURRENT_PROJECT_VERSION = 1.0.3;
				DEVELOPMENT_ASSET_PATHS = "\"sparkletest/Preview Content\"";
				DEVELOPMENT_TEAM = 6L9QQBQLVU;
				ENABLE_HARDENED_RUNTIME = YES;
				ENABLE_PREVIEWS = YES;
				GENERATE_INFOPLIST_FILE = YES;
				INFOPLIST_FILE = sparkletest/Info.plist;
				INFOPLIST_KEY_NSHumanReadableCopyright = "";
				LD_RUNPATH_SEARCH_PATHS = (
					"$(inherited)",
					"@executable_path/../Frameworks",
				);
				MARKETING_VERSION = 1.0.3;
				PRODUCT_BUNDLE_IDENTIFIER = guru.sparkletest;
				PRODUCT_NAME = "$(TARGET_NAME)";
				SWIFT_EMIT_LOC_STRINGS = YES;
				SWIFT_VERSION = 5.0;
			};
			name = Release;
		};
/* End XCBuildConfiguration section */

/* Begin XCConfigurationList section */
		CAEA2BE3297B4EAC003AB2C3 /* Build configuration list for PBXProject "sparkletest" */ = {
			isa = XCConfigurationList;
			buildConfigurations = (
				CAEA2BF5297B4EAD003AB2C3 /* Debug */,
				CAEA2BF6297B4EAD003AB2C3 /* Release */,
			);
			defaultConfigurationIsVisible = 0;
			defaultConfigurationName = Release;
		};
		CAEA2BF7297B4EAD003AB2C3 /* Build configuration list for PBXNativeTarget "sparkletest" */ = {
			isa = XCConfigurationList;
			buildConfigurations = (
				CAEA2BF8297B4EAD003AB2C3 /* Debug */,
				CAEA2BF9297B4EAD003AB2C3 /* Release */,
			);
			defaultConfigurationIsVisible = 0;
			defaultConfigurationName = Release;
		};
/* End XCConfigurationList section */

/* Begin XCRemoteSwiftPackageReference section */
		CAEA2BFA297B5FA7003AB2C3 /* XCRemoteSwiftPackageReference "Sparkle" */ = {
			isa = XCRemoteSwiftPackageReference;
			repositoryURL = "https://github.com/sparkle-project/Sparkle";
			requirement = {
				kind = upToNextMajorVersion;
				minimumVersion = 2.0.0;
			};
		};
/* End XCRemoteSwiftPackageReference section */

/* Begin XCSwiftPackageProductDependency section */
		CAEA2BFB297B5FA7003AB2C3 /* Sparkle */ = {
			isa = XCSwiftPackageProductDependency;
			package = CAEA2BFA297B5FA7003AB2C3 /* XCRemoteSwiftPackageReference "Sparkle" */;
			productName = Sparkle;
		};
/* End XCSwiftPackageProductDependency section */
	};
	rootObject = CAEA2BE0297B4EAC003AB2C3 /* Project object */;
}
